
Microsoft Visual Studio Solution File, Format Version 12.00
# Visual Studio Version 17
VisualStudioVersion = 17.6.33723.286
MinimumVisualStudioVersion = 10.0.40219.1
Project("{FAE04EC0-301F-11D3-BF4B-00C04F79EFBC}") = "PersonalCollections", "PersonalCollections\PersonalCollections.csproj", "{9A2D9E77-2083-4DB5-9504-3EBA38EE04A6}"
EndProject
Project("{FAE04EC0-301F-11D3-BF4B-00C04F79EFBC}") = "Application", "Application\Application.csproj", "{3A6E829C-F022-4B63-B7FC-9128780B90AB}"
EndProject
Project("{FAE04EC0-301F-11D3-BF4B-00C04F79EFBC}") = "Domain", "Domain\Domain.csproj", "{9186750A-D022-4674-8C3E-0B90025D5338}"
EndProject
Project("{FAE04EC0-301F-11D3-BF4B-00C04F79EFBC}") = "Infrastructure", "Infrastructure\Infrastructure.csproj", "{69041B47-4728-4DAE-903C-A8587F1759A0}"
EndProject
Global
	GlobalSection(SolutionConfigurationPlatforms) = preSolution
		Debug|Any CPU = Debug|Any CPU
		Release|Any CPU = Release|Any CPU
	EndGlobalSection
	GlobalSection(ProjectConfigurationPlatforms) = postSolution
		{9A2D9E77-2083-4DB5-9504-3EBA38EE04A6}.Debug|Any CPU.ActiveCfg = Debug|Any CPU
		{9A2D9E77-2083-4DB5-9504-3EBA38EE04A6}.Debug|Any CPU.Build.0 = Debug|Any CPU
		{9A2D9E77-2083-4DB5-9504-3EBA38EE04A6}.Release|Any CPU.ActiveCfg = Release|Any CPU
		{9A2D9E77-2083-4DB5-9504-3EBA38EE04A6}.Release|Any CPU.Build.0 = Release|Any CPU
		{3A6E829C-F022-4B63-B7FC-9128780B90AB}.Debug|Any CPU.ActiveCfg = Debug|Any CPU
		{3A6E829C-F022-4B63-B7FC-9128780B90AB}.Debug|Any CPU.Build.0 = Debug|Any CPU
		{3A6E829C-F022-4B63-B7FC-9128780B90AB}.Release|Any CPU.ActiveCfg = Release|Any CPU
		{3A6E829C-F022-4B63-B7FC-9128780B90AB}.Release|Any CPU.Build.0 = Release|Any CPU
		{9186750A-D022-4674-8C3E-0B90025D5338}.Debug|Any CPU.ActiveCfg = Debug|Any CPU
		{9186750A-D022-4674-8C3E-0B90025D5338}.Debug|Any CPU.Build.0 = Debug|Any CPU
		{9186750A-D022-4674-8C3E-0B90025D5338}.Release|Any CPU.ActiveCfg = Release|Any CPU
		{9186750A-D022-4674-8C3E-0B90025D5338}.Release|Any CPU.Build.0 = Release|Any CPU
		{69041B47-4728-4DAE-903C-A8587F1759A0}.Debug|Any CPU.ActiveCfg = Debug|Any CPU
		{69041B47-4728-4DAE-903C-A8587F1759A0}.Debug|Any CPU.Build.0 = Debug|Any CPU
		{69041B47-4728-4DAE-903C-A8587F1759A0}.Release|Any CPU.ActiveCfg = Release|Any CPU
		{69041B47-4728-4DAE-903C-A8587F1759A0}.Release|Any CPU.Build.0 = Release|Any CPU
	EndGlobalSection
	GlobalSection(SolutionProperties) = preSolution
		HideSolutionNode = FALSE
	EndGlobalSection
	GlobalSection(ExtensibilityGlobals) = postSolution
		SolutionGuid = {D6AE7B4D-D429-4AC2-8109-3956B475B853}
	EndGlobalSection
EndGlobal
